
Microsoft Visual Studio Solution File, Format Version 12.00
# Visual Studio 14
VisualStudioVersion = 14.0.25123.0
MinimumVisualStudioVersion = 10.0.40219.1
Project("{FAE04EC0-301F-11D3-BF4B-00C04F79EFBC}") = "PriorityQueue", "PriorityQueue\PriorityQueue.csproj", "{60F0AFB3-8C85-440B-9BAE-C9CE94E22458}"
EndProject
Project("{FAE04EC0-301F-11D3-BF4B-00C04F79EFBC}") = "LargeProductsCollection", "LargeProductsCollection\LargeProductsCollection.csproj", "{FC0877A2-7843-4541-BC21-486289BBED9F}"
EndProject
Project("{FAE04EC0-301F-11D3-BF4B-00C04F79EFBC}") = "SearchInLargeText", "SearchInLargeText\SearchInLargeText.csproj", "{85FBD6C4-D105-41A9-8DAD-B6E0BB23FEE0}"
EndProject
Global
	GlobalSection(SolutionConfigurationPlatforms) = preSolution
		Debug|Any CPU = Debug|Any CPU
		Release|Any CPU = Release|Any CPU
	EndGlobalSection
	GlobalSection(ProjectConfigurationPlatforms) = postSolution
		{60F0AFB3-8C85-440B-9BAE-C9CE94E22458}.Debug|Any CPU.ActiveCfg = Debug|Any CPU
		{60F0AFB3-8C85-440B-9BAE-C9CE94E22458}.Debug|Any CPU.Build.0 = Debug|Any CPU
		{60F0AFB3-8C85-440B-9BAE-C9CE94E22458}.Release|Any CPU.ActiveCfg = Release|Any CPU
		{60F0AFB3-8C85-440B-9BAE-C9CE94E22458}.Release|Any CPU.Build.0 = Release|Any CPU
		{FC0877A2-7843-4541-BC21-486289BBED9F}.Debug|Any CPU.ActiveCfg = Debug|Any CPU
		{FC0877A2-7843-4541-BC21-486289BBED9F}.Debug|Any CPU.Build.0 = Debug|Any CPU
		{FC0877A2-7843-4541-BC21-486289BBED9F}.Release|Any CPU.ActiveCfg = Release|Any CPU
		{FC0877A2-7843-4541-BC21-486289BBED9F}.Release|Any CPU.Build.0 = Release|Any CPU
		{85FBD6C4-D105-41A9-8DAD-B6E0BB23FEE0}.Debug|Any CPU.ActiveCfg = Debug|Any CPU
		{85FBD6C4-D105-41A9-8DAD-B6E0BB23FEE0}.Debug|Any CPU.Build.0 = Debug|Any CPU
		{85FBD6C4-D105-41A9-8DAD-B6E0BB23FEE0}.Release|Any CPU.ActiveCfg = Release|Any CPU
		{85FBD6C4-D105-41A9-8DAD-B6E0BB23FEE0}.Release|Any CPU.Build.0 = Release|Any CPU
	EndGlobalSection
	GlobalSection(SolutionProperties) = preSolution
		HideSolutionNode = FALSE
	EndGlobalSection
EndGlobal
